
Microsoft Visual Studio Solution File, Format Version 12.00
# Visual Studio 2013
VisualStudioVersion = 12.0.21005.1
MinimumVisualStudioVersion = 10.0.40219.1
Project("{FAE04EC0-301F-11D3-BF4B-00C04F79EFBC}") = "MyJSGames", "MyJSGames\MyJSGames.csproj", "{20E033E1-196C-4776-8630-CEDBD0BAC702}"
EndProject
Project("{FAE04EC0-301F-11D3-BF4B-00C04F79EFBC}") = "MyJSGames.Tests", "MyJSGames.Tests\MyJSGames.Tests.csproj", "{9B4D45D6-9BF0-410F-8409-1CF6883DF7A4}"
EndProject
Global
	GlobalSection(SolutionConfigurationPlatforms) = preSolution
		Debug|Any CPU = Debug|Any CPU
		Release|Any CPU = Release|Any CPU
	EndGlobalSection
	GlobalSection(ProjectConfigurationPlatforms) = postSolution
		{20E033E1-196C-4776-8630-CEDBD0BAC702}.Debug|Any CPU.ActiveCfg = Debug|Any CPU
		{20E033E1-196C-4776-8630-CEDBD0BAC702}.Debug|Any CPU.Build.0 = Debug|Any CPU
		{20E033E1-196C-4776-8630-CEDBD0BAC702}.Release|Any CPU.ActiveCfg = Release|Any CPU
		{20E033E1-196C-4776-8630-CEDBD0BAC702}.Release|Any CPU.Build.0 = Release|Any CPU
		{9B4D45D6-9BF0-410F-8409-1CF6883DF7A4}.Debug|Any CPU.ActiveCfg = Debug|Any CPU
		{9B4D45D6-9BF0-410F-8409-1CF6883DF7A4}.Debug|Any CPU.Build.0 = Debug|Any CPU
		{9B4D45D6-9BF0-410F-8409-1CF6883DF7A4}.Release|Any CPU.ActiveCfg = Release|Any CPU
		{9B4D45D6-9BF0-410F-8409-1CF6883DF7A4}.Release|Any CPU.Build.0 = Release|Any CPU
	EndGlobalSection
	GlobalSection(SolutionProperties) = preSolution
		HideSolutionNode = FALSE
	EndGlobalSection
EndGlobal
